
Microsoft Visual Studio Solution File, Format Version 12.00
# Visual Studio Version 17
VisualStudioVersion = 17.5.002.0
MinimumVisualStudioVersion = 10.0.40219.1
Project("{2150E333-8FDC-42A3-9474-1A3956D46DE8}") = "sdk", "sdk", "{903B938E-97CA-443F-8EC2-1DB650420920}"
EndProject
Project("{9A19103F-16F7-4668-BE54-9A1E7A4F7556}") = "Pulumi.Outscale", "sdk\dotnet\Pulumi.Outscale.csproj", "{1CD9D027-DAE2-4542-BE25-98579EB130D7}"
EndProject
Project("{2150E333-8FDC-42A3-9474-1A3956D46DE8}") = "examples", "examples", "{35554D5E-90BD-4F5A-9F97-6A09961AB1AC}"
EndProject
Project("{9A19103F-16F7-4668-BE54-9A1E7A4F7556}") = "dotnet-examples", "examples\dotnet-examples\dotnet-examples.csproj", "{2EBD919C-4189-43BA-AD28-1C1ACFC816B3}"
EndProject
Global
	GlobalSection(SolutionConfigurationPlatforms) = preSolution
		Debug|Any CPU = Debug|Any CPU
		Release|Any CPU = Release|Any CPU
	EndGlobalSection
	GlobalSection(ProjectConfigurationPlatforms) = postSolution
		{1CD9D027-DAE2-4542-BE25-98579EB130D7}.Debug|Any CPU.ActiveCfg = Debug|Any CPU
		{1CD9D027-DAE2-4542-BE25-98579EB130D7}.Debug|Any CPU.Build.0 = Debug|Any CPU
		{1CD9D027-DAE2-4542-BE25-98579EB130D7}.Release|Any CPU.ActiveCfg = Release|Any CPU
		{1CD9D027-DAE2-4542-BE25-98579EB130D7}.Release|Any CPU.Build.0 = Release|Any CPU
		{2EBD919C-4189-43BA-AD28-1C1ACFC816B3}.Debug|Any CPU.ActiveCfg = Debug|Any CPU
		{2EBD919C-4189-43BA-AD28-1C1ACFC816B3}.Debug|Any CPU.Build.0 = Debug|Any CPU
		{2EBD919C-4189-43BA-AD28-1C1ACFC816B3}.Release|Any CPU.ActiveCfg = Release|Any CPU
		{2EBD919C-4189-43BA-AD28-1C1ACFC816B3}.Release|Any CPU.Build.0 = Release|Any CPU
	EndGlobalSection
	GlobalSection(SolutionProperties) = preSolution
		HideSolutionNode = FALSE
	EndGlobalSection
	GlobalSection(NestedProjects) = preSolution
		{1CD9D027-DAE2-4542-BE25-98579EB130D7} = {903B938E-97CA-443F-8EC2-1DB650420920}
		{2EBD919C-4189-43BA-AD28-1C1ACFC816B3} = {35554D5E-90BD-4F5A-9F97-6A09961AB1AC}
	EndGlobalSection
	GlobalSection(ExtensibilityGlobals) = postSolution
		SolutionGuid = {B8CCEB45-1E20-4631-9319-0736EA8D2F6F}
	EndGlobalSection
EndGlobal
